// !$*UTF8*$!
{
	archiveVersion = 1;
	classes = {
	};
	objectVersion = 50;
	objects = {

/* Begin PBXBuildFile section */
		C5CCC6E924CE027100BFE5BF /* URL+Extension.swift in Sources */ = {isa = PBXBuildFile; fileRef = C5CCC6E824CE027100BFE5BF /* URL+Extension.swift */; };
		C5CCC6EC24CE036D00BFE5BF /* PhotoInfo.swift in Sources */ = {isa = PBXBuildFile; fileRef = C5CCC6EB24CE036D00BFE5BF /* PhotoInfo.swift */; };
		C5CCC6EE24CE0B8B00BFE5BF /* PhotoInfoServices.swift in Sources */ = {isa = PBXBuildFile; fileRef = C5CCC6ED24CE0B8B00BFE5BF /* PhotoInfoServices.swift */; };
		C5DA483824CE181700058FDB /* ViewCodable.swift in Sources */ = {isa = PBXBuildFile; fileRef = C5DA483724CE181700058FDB /* ViewCodable.swift */; };
		C5DA483C24CE198800058FDB /* PhotoView.swift in Sources */ = {isa = PBXBuildFile; fileRef = C5DA483B24CE198800058FDB /* PhotoView.swift */; };
		C5DA483E24CE23F900058FDB /* PhotoViewModel.swift in Sources */ = {isa = PBXBuildFile; fileRef = C5DA483D24CE23F900058FDB /* PhotoViewModel.swift */; };
		C5DA484024CE343C00058FDB /* UIView+Extension.swift in Sources */ = {isa = PBXBuildFile; fileRef = C5DA483F24CE343C00058FDB /* UIView+Extension.swift */; };
		C5DA484324CE392800058FDB /* PhotoTableViewCell.swift in Sources */ = {isa = PBXBuildFile; fileRef = C5DA484224CE392800058FDB /* PhotoTableViewCell.swift */; };
		C5DA484524CE3E9900058FDB /* UIImage+Extension.swift in Sources */ = {isa = PBXBuildFile; fileRef = C5DA484424CE3E9900058FDB /* UIImage+Extension.swift */; };
		C5F434A224CDDC8A00A2C621 /* AppDelegate.swift in Sources */ = {isa = PBXBuildFile; fileRef = C5F434A124CDDC8A00A2C621 /* AppDelegate.swift */; };
		C5F434A424CDDC8A00A2C621 /* SceneDelegate.swift in Sources */ = {isa = PBXBuildFile; fileRef = C5F434A324CDDC8A00A2C621 /* SceneDelegate.swift */; };
		C5F434A624CDDC8A00A2C621 /* PhotoViewController.swift in Sources */ = {isa = PBXBuildFile; fileRef = C5F434A524CDDC8A00A2C621 /* PhotoViewController.swift */; };
		C5F434A924CDDC8A00A2C621 /* Main.storyboard in Resources */ = {isa = PBXBuildFile; fileRef = C5F434A724CDDC8A00A2C621 /* Main.storyboard */; };
		C5F434AB24CDDC8C00A2C621 /* Assets.xcassets in Resources */ = {isa = PBXBuildFile; fileRef = C5F434AA24CDDC8C00A2C621 /* Assets.xcassets */; };
		C5F434AE24CDDC8C00A2C621 /* LaunchScreen.storyboard in Resources */ = {isa = PBXBuildFile; fileRef = C5F434AC24CDDC8C00A2C621 /* LaunchScreen.storyboard */; };
/* End PBXBuildFile section */

/* Begin PBXFileReference section */
		C5CCC6E824CE027100BFE5BF /* URL+Extension.swift */ = {isa = PBXFileReference; lastKnownFileType = sourcecode.swift; path = "URL+Extension.swift"; sourceTree = "<group>"; };
		C5CCC6EB24CE036D00BFE5BF /* PhotoInfo.swift */ = {isa = PBXFileReference; lastKnownFileType = sourcecode.swift; path = PhotoInfo.swift; sourceTree = "<group>"; };
		C5CCC6ED24CE0B8B00BFE5BF /* PhotoInfoServices.swift */ = {isa = PBXFileReference; lastKnownFileType = sourcecode.swift; path = PhotoInfoServices.swift; sourceTree = "<group>"; };
		C5DA483724CE181700058FDB /* ViewCodable.swift */ = {isa = PBXFileReference; lastKnownFileType = sourcecode.swift; path = ViewCodable.swift; sourceTree = "<group>"; };
		C5DA483B24CE198800058FDB /* PhotoView.swift */ = {isa = PBXFileReference; lastKnownFileType = sourcecode.swift; path = PhotoView.swift; sourceTree = "<group>"; };
		C5DA483D24CE23F900058FDB /* PhotoViewModel.swift */ = {isa = PBXFileReference; lastKnownFileType = sourcecode.swift; path = PhotoViewModel.swift; sourceTree = "<group>"; };
		C5DA483F24CE343C00058FDB /* UIView+Extension.swift */ = {isa = PBXFileReference; lastKnownFileType = sourcecode.swift; path = "UIView+Extension.swift"; sourceTree = "<group>"; };
		C5DA484224CE392800058FDB /* PhotoTableViewCell.swift */ = {isa = PBXFileReference; lastKnownFileType = sourcecode.swift; path = PhotoTableViewCell.swift; sourceTree = "<group>"; };
		C5DA484424CE3E9900058FDB /* UIImage+Extension.swift */ = {isa = PBXFileReference; lastKnownFileType = sourcecode.swift; path = "UIImage+Extension.swift"; sourceTree = "<group>"; };
		C5F4349E24CDDC8A00A2C621 /* NASA APoD Viewer.app */ = {isa = PBXFileReference; explicitFileType = wrapper.application; includeInIndex = 0; path = "NASA APoD Viewer.app"; sourceTree = BUILT_PRODUCTS_DIR; };
		C5F434A124CDDC8A00A2C621 /* AppDelegate.swift */ = {isa = PBXFileReference; lastKnownFileType = sourcecode.swift; path = AppDelegate.swift; sourceTree = "<group>"; };
		C5F434A324CDDC8A00A2C621 /* SceneDelegate.swift */ = {isa = PBXFileReference; lastKnownFileType = sourcecode.swift; path = SceneDelegate.swift; sourceTree = "<group>"; };
		C5F434A524CDDC8A00A2C621 /* PhotoViewController.swift */ = {isa = PBXFileReference; lastKnownFileType = sourcecode.swift; path = PhotoViewController.swift; sourceTree = "<group>"; };
		C5F434A824CDDC8A00A2C621 /* Base */ = {isa = PBXFileReference; lastKnownFileType = file.storyboard; name = Base; path = Base.lproj/Main.storyboard; sourceTree = "<group>"; };
		C5F434AA24CDDC8C00A2C621 /* Assets.xcassets */ = {isa = PBXFileReference; lastKnownFileType = folder.assetcatalog; path = Assets.xcassets; sourceTree = "<group>"; };
		C5F434AD24CDDC8C00A2C621 /* Base */ = {isa = PBXFileReference; lastKnownFileType = file.storyboard; name = Base; path = Base.lproj/LaunchScreen.storyboard; sourceTree = "<group>"; };
		C5F434AF24CDDC8C00A2C621 /* Info.plist */ = {isa = PBXFileReference; lastKnownFileType = text.plist.xml; path = Info.plist; sourceTree = "<group>"; };
/* End PBXFileReference section */

/* Begin PBXFrameworksBuildPhase section */
		C5F4349B24CDDC8A00A2C621 /* Frameworks */ = {
			isa = PBXFrameworksBuildPhase;
			buildActionMask = 2147483647;
			files = (
			);
			runOnlyForDeploymentPostprocessing = 0;
		};
/* End PBXFrameworksBuildPhase section */

/* Begin PBXGroup section */
		C5CCC6E524CE020800BFE5BF /* Helpers */ = {
			isa = PBXGroup;
			children = (
				C5CCC6EA24CE034B00BFE5BF /* Extensions */,
				C5CCC6EB24CE036D00BFE5BF /* PhotoInfo.swift */,
				C5DA483724CE181700058FDB /* ViewCodable.swift */,
			);
			path = Helpers;
			sourceTree = "<group>";
		};
		C5CCC6E724CE024A00BFE5BF /* Modules */ = {
			isa = PBXGroup;
			children = (
				C5DA483924CE18E700058FDB /* Photo */,
				C5DA483A24CE18EF00058FDB /* Detail */,
			);
			path = Modules;
			sourceTree = "<group>";
		};
		C5CCC6EA24CE034B00BFE5BF /* Extensions */ = {
			isa = PBXGroup;
			children = (
				C5CCC6E824CE027100BFE5BF /* URL+Extension.swift */,
				C5DA483F24CE343C00058FDB /* UIView+Extension.swift */,
				C5DA484424CE3E9900058FDB /* UIImage+Extension.swift */,
			);
			path = Extensions;
			sourceTree = "<group>";
		};
		C5CCC6EF24CE0B9000BFE5BF /* Services */ = {
			isa = PBXGroup;
			children = (
				C5CCC6ED24CE0B8B00BFE5BF /* PhotoInfoServices.swift */,
			);
			path = Services;
			sourceTree = "<group>";
		};
		C5DA483924CE18E700058FDB /* Photo */ = {
			isa = PBXGroup;
			children = (
				C5DA484124CE391700058FDB /* Cell */,
				C5F434A524CDDC8A00A2C621 /* PhotoViewController.swift */,
				C5DA483D24CE23F900058FDB /* PhotoViewModel.swift */,
				C5DA483B24CE198800058FDB /* PhotoView.swift */,
			);
			path = Photo;
			sourceTree = "<group>";
		};
		C5DA483A24CE18EF00058FDB /* Detail */ = {
			isa = PBXGroup;
			children = (
			);
			path = Detail;
			sourceTree = "<group>";
		};
		C5DA484124CE391700058FDB /* Cell */ = {
			isa = PBXGroup;
			children = (
				C5DA484224CE392800058FDB /* PhotoTableViewCell.swift */,
			);
			path = Cell;
			sourceTree = "<group>";
		};
		C5F4349524CDDC8A00A2C621 = {
			isa = PBXGroup;
			children = (
				C5F434A024CDDC8A00A2C621 /* NASA APoD Viewer */,
				C5F4349F24CDDC8A00A2C621 /* Products */,
			);
			sourceTree = "<group>";
		};
		C5F4349F24CDDC8A00A2C621 /* Products */ = {
			isa = PBXGroup;
			children = (
				C5F4349E24CDDC8A00A2C621 /* NASA APoD Viewer.app */,
			);
			name = Products;
			sourceTree = "<group>";
		};
		C5F434A024CDDC8A00A2C621 /* NASA APoD Viewer */ = {
			isa = PBXGroup;
			children = (
				C5CCC6E724CE024A00BFE5BF /* Modules */,
				C5CCC6EF24CE0B9000BFE5BF /* Services */,
				C5CCC6E524CE020800BFE5BF /* Helpers */,
				C5F434A724CDDC8A00A2C621 /* Main.storyboard */,
				C5F434AA24CDDC8C00A2C621 /* Assets.xcassets */,
				C5F434AC24CDDC8C00A2C621 /* LaunchScreen.storyboard */,
				C5F434AF24CDDC8C00A2C621 /* Info.plist */,
				C5F434A324CDDC8A00A2C621 /* SceneDelegate.swift */,
				C5F434A124CDDC8A00A2C621 /* AppDelegate.swift */,
			);
			path = "NASA APoD Viewer";
			sourceTree = "<group>";
		};
/* End PBXGroup section */

/* Begin PBXNativeTarget section */
		C5F4349D24CDDC8A00A2C621 /* NASA APoD Viewer */ = {
			isa = PBXNativeTarget;
			buildConfigurationList = C5F434B224CDDC8C00A2C621 /* Build configuration list for PBXNativeTarget "NASA APoD Viewer" */;
			buildPhases = (
				C5F4349A24CDDC8A00A2C621 /* Sources */,
				C5F4349B24CDDC8A00A2C621 /* Frameworks */,
				C5F4349C24CDDC8A00A2C621 /* Resources */,
				C5F434B524CDDDE000A2C621 /* SwiftLint */,
			);
			buildRules = (
			);
			dependencies = (
			);
			name = "NASA APoD Viewer";
			productName = "NASA APoD Viewer";
			productReference = C5F4349E24CDDC8A00A2C621 /* NASA APoD Viewer.app */;
			productType = "com.apple.product-type.application";
		};
/* End PBXNativeTarget section */

/* Begin PBXProject section */
		C5F4349624CDDC8A00A2C621 /* Project object */ = {
			isa = PBXProject;
			attributes = {
				LastSwiftUpdateCheck = 1160;
				LastUpgradeCheck = 1160;
				ORGANIZATIONNAME = "Ivo Dutra";
				TargetAttributes = {
					C5F4349D24CDDC8A00A2C621 = {
						CreatedOnToolsVersion = 11.6;
					};
				};
			};
			buildConfigurationList = C5F4349924CDDC8A00A2C621 /* Build configuration list for PBXProject "NASA APoD Viewer" */;
			compatibilityVersion = "Xcode 9.3";
			developmentRegion = en;
			hasScannedForEncodings = 0;
			knownRegions = (
				en,
				Base,
			);
			mainGroup = C5F4349524CDDC8A00A2C621;
			productRefGroup = C5F4349F24CDDC8A00A2C621 /* Products */;
			projectDirPath = "";
			projectRoot = "";
			targets = (
				C5F4349D24CDDC8A00A2C621 /* NASA APoD Viewer */,
			);
		};
/* End PBXProject section */

/* Begin PBXResourcesBuildPhase section */
		C5F4349C24CDDC8A00A2C621 /* Resources */ = {
			isa = PBXResourcesBuildPhase;
			buildActionMask = 2147483647;
			files = (
				C5F434AE24CDDC8C00A2C621 /* LaunchScreen.storyboard in Resources */,
				C5F434AB24CDDC8C00A2C621 /* Assets.xcassets in Resources */,
				C5F434A924CDDC8A00A2C621 /* Main.storyboard in Resources */,
			);
			runOnlyForDeploymentPostprocessing = 0;
		};
/* End PBXResourcesBuildPhase section */

/* Begin PBXShellScriptBuildPhase section */
		C5F434B524CDDDE000A2C621 /* SwiftLint */ = {
			isa = PBXShellScriptBuildPhase;
			buildActionMask = 2147483647;
			files = (
			);
			inputFileListPaths = (
			);
			inputPaths = (
			);
			name = SwiftLint;
			outputFileListPaths = (
			);
			outputPaths = (
			);
			runOnlyForDeploymentPostprocessing = 0;
			shellPath = /bin/sh;
			shellScript = "if which swiftlint >/dev/null; then\n  swiftlint\nelse\n  echo \"warning: SwiftLint not installed, download from https://github.com/realm/SwiftLint\"\nfi\n";
		};
/* End PBXShellScriptBuildPhase section */

/* Begin PBXSourcesBuildPhase section */
		C5F4349A24CDDC8A00A2C621 /* Sources */ = {
			isa = PBXSourcesBuildPhase;
			buildActionMask = 2147483647;
			files = (
				C5F434A624CDDC8A00A2C621 /* PhotoViewController.swift in Sources */,
				C5CCC6E924CE027100BFE5BF /* URL+Extension.swift in Sources */,
				C5CCC6EE24CE0B8B00BFE5BF /* PhotoInfoServices.swift in Sources */,
				C5F434A224CDDC8A00A2C621 /* AppDelegate.swift in Sources */,
				C5DA483E24CE23F900058FDB /* PhotoViewModel.swift in Sources */,
				C5DA483824CE181700058FDB /* ViewCodable.swift in Sources */,
				C5F434A424CDDC8A00A2C621 /* SceneDelegate.swift in Sources */,
				C5CCC6EC24CE036D00BFE5BF /* PhotoInfo.swift in Sources */,
				C5DA484024CE343C00058FDB /* UIView+Extension.swift in Sources */,
				C5DA483C24CE198800058FDB /* PhotoView.swift in Sources */,
				C5DA484524CE3E9900058FDB /* UIImage+Extension.swift in Sources */,
				C5DA484324CE392800058FDB /* PhotoTableViewCell.swift in Sources */,
			);
			runOnlyForDeploymentPostprocessing = 0;
		};
/* End PBXSourcesBuildPhase section */

/* Begin PBXVariantGroup section */
		C5F434A724CDDC8A00A2C621 /* Main.storyboard */ = {
			isa = PBXVariantGroup;
			children = (
				C5F434A824CDDC8A00A2C621 /* Base */,
			);
			name = Main.storyboard;
			sourceTree = "<group>";
		};
		C5F434AC24CDDC8C00A2C621 /* LaunchScreen.storyboard */ = {
			isa = PBXVariantGroup;
			children = (
				C5F434AD24CDDC8C00A2C621 /* Base */,
			);
			name = LaunchScreen.storyboard;
			sourceTree = "<group>";
		};
/* End PBXVariantGroup section */

/* Begin XCBuildConfiguration section */
		C5F434B024CDDC8C00A2C621 /* Debug */ = {
			isa = XCBuildConfiguration;
			buildSettings = {
				ALWAYS_SEARCH_USER_PATHS = NO;
				CLANG_ANALYZER_NONNULL = YES;
				CLANG_ANALYZER_NUMBER_OBJECT_CONVERSION = YES_AGGRESSIVE;
				CLANG_CXX_LANGUAGE_STANDARD = "gnu++14";
				CLANG_CXX_LIBRARY = "libc++";
				CLANG_ENABLE_MODULES = YES;
				CLANG_ENABLE_OBJC_ARC = YES;
				CLANG_ENABLE_OBJC_WEAK = YES;
				CLANG_WARN_BLOCK_CAPTURE_AUTORELEASING = YES;
				CLANG_WARN_BOOL_CONVERSION = YES;
				CLANG_WARN_COMMA = YES;
				CLANG_WARN_CONSTANT_CONVERSION = YES;
				CLANG_WARN_DEPRECATED_OBJC_IMPLEMENTATIONS = YES;
				CLANG_WARN_DIRECT_OBJC_ISA_USAGE = YES_ERROR;
				CLANG_WARN_DOCUMENTATION_COMMENTS = YES;
				CLANG_WARN_EMPTY_BODY = YES;
				CLANG_WARN_ENUM_CONVERSION = YES;
				CLANG_WARN_INFINITE_RECURSION = YES;
				CLANG_WARN_INT_CONVERSION = YES;
				CLANG_WARN_NON_LITERAL_NULL_CONVERSION = YES;
				CLANG_WARN_OBJC_IMPLICIT_RETAIN_SELF = YES;
				CLANG_WARN_OBJC_LITERAL_CONVERSION = YES;
				CLANG_WARN_OBJC_ROOT_CLASS = YES_ERROR;
				CLANG_WARN_RANGE_LOOP_ANALYSIS = YES;
				CLANG_WARN_STRICT_PROTOTYPES = YES;
				CLANG_WARN_SUSPICIOUS_MOVE = YES;
				CLANG_WARN_UNGUARDED_AVAILABILITY = YES_AGGRESSIVE;
				CLANG_WARN_UNREACHABLE_CODE = YES;
				CLANG_WARN__DUPLICATE_METHOD_MATCH = YES;
				COPY_PHASE_STRIP = NO;
				DEBUG_INFORMATION_FORMAT = dwarf;
				ENABLE_STRICT_OBJC_MSGSEND = YES;
				ENABLE_TESTABILITY = YES;
				GCC_C_LANGUAGE_STANDARD = gnu11;
				GCC_DYNAMIC_NO_PIC = NO;
				GCC_NO_COMMON_BLOCKS = YES;
				GCC_OPTIMIZATION_LEVEL = 0;
				GCC_PREPROCESSOR_DEFINITIONS = (
					"DEBUG=1",
					"$(inherited)",
				);
				GCC_WARN_64_TO_32_BIT_CONVERSION = YES;
				GCC_WARN_ABOUT_RETURN_TYPE = YES_ERROR;
				GCC_WARN_UNDECLARED_SELECTOR = YES;
				GCC_WARN_UNINITIALIZED_AUTOS = YES_AGGRESSIVE;
				GCC_WARN_UNUSED_FUNCTION = YES;
				GCC_WARN_UNUSED_VARIABLE = YES;
				IPHONEOS_DEPLOYMENT_TARGET = 13.6;
				MTL_ENABLE_DEBUG_INFO = INCLUDE_SOURCE;
				MTL_FAST_MATH = YES;
				ONLY_ACTIVE_ARCH = YES;
				SDKROOT = iphoneos;
				SWIFT_ACTIVE_COMPILATION_CONDITIONS = DEBUG;
				SWIFT_OPTIMIZATION_LEVEL = "-Onone";
			};
			name = Debug;
		};
		C5F434B124CDDC8C00A2C621 /* Release */ = {
			isa = XCBuildConfiguration;
			buildSettings = {
				ALWAYS_SEARCH_USER_PATHS = NO;
				CLANG_ANALYZER_NONNULL = YES;
				CLANG_ANALYZER_NUMBER_OBJECT_CONVERSION = YES_AGGRESSIVE;
				CLANG_CXX_LANGUAGE_STANDARD = "gnu++14";
				CLANG_CXX_LIBRARY = "libc++";
				CLANG_ENABLE_MODULES = YES;
				CLANG_ENABLE_OBJC_ARC = YES;
				CLANG_ENABLE_OBJC_WEAK = YES;
				CLANG_WARN_BLOCK_CAPTURE_AUTORELEASING = YES;
				CLANG_WARN_BOOL_CONVERSION = YES;
				CLANG_WARN_COMMA = YES;
				CLANG_WARN_CONSTANT_CONVERSION = YES;
				CLANG_WARN_DEPRECATED_OBJC_IMPLEMENTATIONS = YES;
				CLANG_WARN_DIRECT_OBJC_ISA_USAGE = YES_ERROR;
				CLANG_WARN_DOCUMENTATION_COMMENTS = YES;
				CLANG_WARN_EMPTY_BODY = YES;
				CLANG_WARN_ENUM_CONVERSION = YES;
				CLANG_WARN_INFINITE_RECURSION = YES;
				CLANG_WARN_INT_CONVERSION = YES;
				CLANG_WARN_NON_LITERAL_NULL_CONVERSION = YES;
				CLANG_WARN_OBJC_IMPLICIT_RETAIN_SELF = YES;
				CLANG_WARN_OBJC_LITERAL_CONVERSION = YES;
				CLANG_WARN_OBJC_ROOT_CLASS = YES_ERROR;
				CLANG_WARN_RANGE_LOOP_ANALYSIS = YES;
				CLANG_WARN_STRICT_PROTOTYPES = YES;
				CLANG_WARN_SUSPICIOUS_MOVE = YES;
				CLANG_WARN_UNGUARDED_AVAILABILITY = YES_AGGRESSIVE;
				CLANG_WARN_UNREACHABLE_CODE = YES;
				CLANG_WARN__DUPLICATE_METHOD_MATCH = YES;
				COPY_PHASE_STRIP = NO;
				DEBUG_INFORMATION_FORMAT = "dwarf-with-dsym";
				ENABLE_NS_ASSERTIONS = NO;
				ENABLE_STRICT_OBJC_MSGSEND = YES;
				GCC_C_LANGUAGE_STANDARD = gnu11;
				GCC_NO_COMMON_BLOCKS = YES;
				GCC_WARN_64_TO_32_BIT_CONVERSION = YES;
				GCC_WARN_ABOUT_RETURN_TYPE = YES_ERROR;
				GCC_WARN_UNDECLARED_SELECTOR = YES;
				GCC_WARN_UNINITIALIZED_AUTOS = YES_AGGRESSIVE;
				GCC_WARN_UNUSED_FUNCTION = YES;
				GCC_WARN_UNUSED_VARIABLE = YES;
				IPHONEOS_DEPLOYMENT_TARGET = 13.6;
				MTL_ENABLE_DEBUG_INFO = NO;
				MTL_FAST_MATH = YES;
				SDKROOT = iphoneos;
				SWIFT_COMPILATION_MODE = wholemodule;
				SWIFT_OPTIMIZATION_LEVEL = "-O";
				VALIDATE_PRODUCT = YES;
			};
			name = Release;
		};
		C5F434B324CDDC8C00A2C621 /* Debug */ = {
			isa = XCBuildConfiguration;
			buildSettings = {
				ASSETCATALOG_COMPILER_APPICON_NAME = AppIcon;
				CODE_SIGN_STYLE = Automatic;
				INFOPLIST_FILE = "NASA APoD Viewer/Info.plist";
				LD_RUNPATH_SEARCH_PATHS = (
					"$(inherited)",
					"@executable_path/Frameworks",
				);
				PRODUCT_BUNDLE_IDENTIFIER = "Ivo-Dutra.NASA-APoD-Viewer";
				PRODUCT_NAME = "$(TARGET_NAME)";
				SWIFT_VERSION = 5.0;
				TARGETED_DEVICE_FAMILY = "1,2";
			};
			name = Debug;
		};
		C5F434B424CDDC8C00A2C621 /* Release */ = {
			isa = XCBuildConfiguration;
			buildSettings = {
				ASSETCATALOG_COMPILER_APPICON_NAME = AppIcon;
				CODE_SIGN_STYLE = Automatic;
				INFOPLIST_FILE = "NASA APoD Viewer/Info.plist";
				LD_RUNPATH_SEARCH_PATHS = (
					"$(inherited)",
					"@executable_path/Frameworks",
				);
				PRODUCT_BUNDLE_IDENTIFIER = "Ivo-Dutra.NASA-APoD-Viewer";
				PRODUCT_NAME = "$(TARGET_NAME)";
				SWIFT_VERSION = 5.0;
				TARGETED_DEVICE_FAMILY = "1,2";
			};
			name = Release;
		};
/* End XCBuildConfiguration section */

/* Begin XCConfigurationList section */
		C5F4349924CDDC8A00A2C621 /* Build configuration list for PBXProject "NASA APoD Viewer" */ = {
			isa = XCConfigurationList;
			buildConfigurations = (
				C5F434B024CDDC8C00A2C621 /* Debug */,
				C5F434B124CDDC8C00A2C621 /* Release */,
			);
			defaultConfigurationIsVisible = 0;
			defaultConfigurationName = Release;
		};
		C5F434B224CDDC8C00A2C621 /* Build configuration list for PBXNativeTarget "NASA APoD Viewer" */ = {
			isa = XCConfigurationList;
			buildConfigurations = (
				C5F434B324CDDC8C00A2C621 /* Debug */,
				C5F434B424CDDC8C00A2C621 /* Release */,
			);
			defaultConfigurationIsVisible = 0;
			defaultConfigurationName = Release;
		};
/* End XCConfigurationList section */
	};
	rootObject = C5F4349624CDDC8A00A2C621 /* Project object */;
}
